
Microsoft Visual Studio Solution File, Format Version 12.00
# Visual Studio 15
VisualStudioVersion = 15.0.28010.2026
MinimumVisualStudioVersion = 10.0.40219.1
Project("{2150E333-8FDC-42A3-9474-1A3956D46DE8}") = "1. Clients", "1. Clients", "{EE7F1ACB-AE4A-4518-B4C0-7FED9057910A}"
EndProject
Project("{9A19103F-16F7-4668-BE54-9A1E7A4F7556}") = "TemplateName.Client", "TemplateName\TemplateName.Client\TemplateName.Client.csproj", "{DDCA4752-B402-4702-BEAD-FE78A0A0B3BB}"
EndProject
Project("{2150E333-8FDC-42A3-9474-1A3956D46DE8}") = "2. Managers", "2. Managers", "{C4C4AB1C-B92A-4539-BFF5-2E82D6ED1761}"
EndProject
Project("{9A19103F-16F7-4668-BE54-9A1E7A4F7556}") = "TemplateName.Contracts.Client", "TemplateName\TemplateName.Contracts.Client\TemplateName.Contracts.Client.csproj", "{4684DF2D-6DD1-44A1-87A5-337D96DD6394}"
EndProject
Project("{9A19103F-16F7-4668-BE54-9A1E7A4F7556}") = "TemplateName.Managers", "TemplateName\TemplateName.Managers\TemplateName.Managers.csproj", "{06F01CD6-3A68-46D1-9684-290390B330AE}"
EndProject
Project("{2150E333-8FDC-42A3-9474-1A3956D46DE8}") = "3. Engines", "3. Engines", "{CE1926B1-4743-49D7-90E0-27921504F0CA}"
EndProject
Project("{9A19103F-16F7-4668-BE54-9A1E7A4F7556}") = "TemplateName.Engines", "TemplateName\TemplateName.Engines\TemplateName.Engines.csproj", "{0492ADF2-59B8-42F5-86B4-9F5F0EA301DE}"
EndProject
Project("{2150E333-8FDC-42A3-9474-1A3956D46DE8}") = "4. Accessors", "4. Accessors", "{9958C242-EE7B-49AC-BF2D-9AD79B8BF7D3}"
EndProject
Project("{9A19103F-16F7-4668-BE54-9A1E7A4F7556}") = "TemplateName.Accessors", "TemplateName\TemplateName.Accessors\TemplateName.Accessors.csproj", "{39C404B4-F298-4F97-B98E-9CD422257917}"
EndProject
Project("{2150E333-8FDC-42A3-9474-1A3956D46DE8}") = "5. Service Utilities", "5. Service Utilities", "{D07D9872-1F36-4D6B-B65B-69C5193D6F7B}"
EndProject
Project("{9A19103F-16F7-4668-BE54-9A1E7A4F7556}") = "TemplateName.Utilities", "TemplateName\TemplateName.Utilities\TemplateName.Utilities.csproj", "{7212D7EE-6FC4-4A39-A786-4B85F8355E60}"
EndProject
Project("{2150E333-8FDC-42A3-9474-1A3956D46DE8}") = "6. Common", "6. Common", "{02B2ABD8-17E9-4BB3-8E2F-4325A4910A26}"
EndProject
Project("{9A19103F-16F7-4668-BE54-9A1E7A4F7556}") = "TemplateName.Common.Contracts", "TemplateName\TemplateName.Common.Contracts\TemplateName.Common.Contracts.csproj", "{FF7D3F17-B88C-43A9-990B-E1A8B70976CA}"
EndProject
Project("{9A19103F-16F7-4668-BE54-9A1E7A4F7556}") = "TemplateName.Common.Shared", "TemplateName\TemplateName.Common.Shared\TemplateName.Common.Shared.csproj", "{9B97BF78-DF97-422A-B5F5-B4ECAFD39AA0}"
EndProject
Project("{2150E333-8FDC-42A3-9474-1A3956D46DE8}") = "7. Database", "7. Database", "{F815E248-3197-441B-98BE-7F621AF018F0}"
EndProject
Project("{2150E333-8FDC-42A3-9474-1A3956D46DE8}") = "9. Tests", "9. Tests", "{5FF5724C-F57A-4651-9380-FD3FB3898205}"
EndProject
Project("{9A19103F-16F7-4668-BE54-9A1E7A4F7556}") = "TemplateName.Tests.AccessorTests", "TemplateName.Tests.AccessorTests\TemplateName.Tests.AccessorTests.csproj", "{AAC2BF6A-A62B-43C6-89E4-958CE8F71F20}"
EndProject
Project("{9A19103F-16F7-4668-BE54-9A1E7A4F7556}") = "TemplateName.Tests.EngineTests", "TemplateName.Tests.EngineTests\TemplateName.Tests.EngineTests.csproj", "{31E38ED4-5676-4A6B-A469-4C5E3D00106B}"
EndProject
Project("{9A19103F-16F7-4668-BE54-9A1E7A4F7556}") = "TemplateName.Tests.ManagerTests", "TemplateName.Tests.ManagerTests\TemplateName.Tests.ManagerTests.csproj", "{820A0F7A-8B89-467B-80E0-712D56F9F184}"
EndProject
Project("{9A19103F-16F7-4668-BE54-9A1E7A4F7556}") = "TemplateName.DbUp", "TemplateName.DbUp\TemplateName.DbUp.csproj", "{8FD55873-1575-45AC-BD22-5577364644CE}"
EndProject
Project("{9A19103F-16F7-4668-BE54-9A1E7A4F7556}") = "TemplateName.DbClear", "TemplateName.DbClear\TemplateName.DbClear.csproj", "{555321F9-0A2F-4632-B3DD-7D45DB83EAAD}"
EndProject
Project("{FAE04EC0-301F-11D3-BF4B-00C04F79EFBC}") = "TemplateName.Tests.IntegrationTests", "TemplateName.Tests.IntegrationTests\TemplateName.Tests.IntegrationTests.csproj", "{2D03D7D6-1C6A-45AF-981C-4EEAC58BF6C8}"
EndProject
Global
	GlobalSection(SolutionConfigurationPlatforms) = preSolution
		Debug|Any CPU = Debug|Any CPU
		Release|Any CPU = Release|Any CPU
	EndGlobalSection
	GlobalSection(ProjectConfigurationPlatforms) = postSolution
		{DDCA4752-B402-4702-BEAD-FE78A0A0B3BB}.Debug|Any CPU.ActiveCfg = Debug|Any CPU
		{DDCA4752-B402-4702-BEAD-FE78A0A0B3BB}.Debug|Any CPU.Build.0 = Debug|Any CPU
		{DDCA4752-B402-4702-BEAD-FE78A0A0B3BB}.Release|Any CPU.ActiveCfg = Release|Any CPU
		{DDCA4752-B402-4702-BEAD-FE78A0A0B3BB}.Release|Any CPU.Build.0 = Release|Any CPU
		{4684DF2D-6DD1-44A1-87A5-337D96DD6394}.Debug|Any CPU.ActiveCfg = Debug|Any CPU
		{4684DF2D-6DD1-44A1-87A5-337D96DD6394}.Debug|Any CPU.Build.0 = Debug|Any CPU
		{4684DF2D-6DD1-44A1-87A5-337D96DD6394}.Release|Any CPU.ActiveCfg = Release|Any CPU
		{4684DF2D-6DD1-44A1-87A5-337D96DD6394}.Release|Any CPU.Build.0 = Release|Any CPU
		{06F01CD6-3A68-46D1-9684-290390B330AE}.Debug|Any CPU.ActiveCfg = Debug|Any CPU
		{06F01CD6-3A68-46D1-9684-290390B330AE}.Debug|Any CPU.Build.0 = Debug|Any CPU
		{06F01CD6-3A68-46D1-9684-290390B330AE}.Release|Any CPU.ActiveCfg = Release|Any CPU
		{06F01CD6-3A68-46D1-9684-290390B330AE}.Release|Any CPU.Build.0 = Release|Any CPU
		{0492ADF2-59B8-42F5-86B4-9F5F0EA301DE}.Debug|Any CPU.ActiveCfg = Debug|Any CPU
		{0492ADF2-59B8-42F5-86B4-9F5F0EA301DE}.Debug|Any CPU.Build.0 = Debug|Any CPU
		{0492ADF2-59B8-42F5-86B4-9F5F0EA301DE}.Release|Any CPU.ActiveCfg = Release|Any CPU
		{0492ADF2-59B8-42F5-86B4-9F5F0EA301DE}.Release|Any CPU.Build.0 = Release|Any CPU
		{39C404B4-F298-4F97-B98E-9CD422257917}.Debug|Any CPU.ActiveCfg = Debug|Any CPU
		{39C404B4-F298-4F97-B98E-9CD422257917}.Debug|Any CPU.Build.0 = Debug|Any CPU
		{39C404B4-F298-4F97-B98E-9CD422257917}.Release|Any CPU.ActiveCfg = Release|Any CPU
		{39C404B4-F298-4F97-B98E-9CD422257917}.Release|Any CPU.Build.0 = Release|Any CPU
		{7212D7EE-6FC4-4A39-A786-4B85F8355E60}.Debug|Any CPU.ActiveCfg = Debug|Any CPU
		{7212D7EE-6FC4-4A39-A786-4B85F8355E60}.Debug|Any CPU.Build.0 = Debug|Any CPU
		{7212D7EE-6FC4-4A39-A786-4B85F8355E60}.Release|Any CPU.ActiveCfg = Release|Any CPU
		{7212D7EE-6FC4-4A39-A786-4B85F8355E60}.Release|Any CPU.Build.0 = Release|Any CPU
		{FF7D3F17-B88C-43A9-990B-E1A8B70976CA}.Debug|Any CPU.ActiveCfg = Debug|Any CPU
		{FF7D3F17-B88C-43A9-990B-E1A8B70976CA}.Debug|Any CPU.Build.0 = Debug|Any CPU
		{FF7D3F17-B88C-43A9-990B-E1A8B70976CA}.Release|Any CPU.ActiveCfg = Release|Any CPU
		{FF7D3F17-B88C-43A9-990B-E1A8B70976CA}.Release|Any CPU.Build.0 = Release|Any CPU
		{9B97BF78-DF97-422A-B5F5-B4ECAFD39AA0}.Debug|Any CPU.ActiveCfg = Debug|Any CPU
		{9B97BF78-DF97-422A-B5F5-B4ECAFD39AA0}.Debug|Any CPU.Build.0 = Debug|Any CPU
		{9B97BF78-DF97-422A-B5F5-B4ECAFD39AA0}.Release|Any CPU.ActiveCfg = Release|Any CPU
		{9B97BF78-DF97-422A-B5F5-B4ECAFD39AA0}.Release|Any CPU.Build.0 = Release|Any CPU
		{AAC2BF6A-A62B-43C6-89E4-958CE8F71F20}.Debug|Any CPU.ActiveCfg = Debug|Any CPU
		{AAC2BF6A-A62B-43C6-89E4-958CE8F71F20}.Debug|Any CPU.Build.0 = Debug|Any CPU
		{AAC2BF6A-A62B-43C6-89E4-958CE8F71F20}.Release|Any CPU.ActiveCfg = Release|Any CPU
		{AAC2BF6A-A62B-43C6-89E4-958CE8F71F20}.Release|Any CPU.Build.0 = Release|Any CPU
		{31E38ED4-5676-4A6B-A469-4C5E3D00106B}.Debug|Any CPU.ActiveCfg = Debug|Any CPU
		{31E38ED4-5676-4A6B-A469-4C5E3D00106B}.Debug|Any CPU.Build.0 = Debug|Any CPU
		{31E38ED4-5676-4A6B-A469-4C5E3D00106B}.Release|Any CPU.ActiveCfg = Release|Any CPU
		{31E38ED4-5676-4A6B-A469-4C5E3D00106B}.Release|Any CPU.Build.0 = Release|Any CPU
		{820A0F7A-8B89-467B-80E0-712D56F9F184}.Debug|Any CPU.ActiveCfg = Debug|Any CPU
		{820A0F7A-8B89-467B-80E0-712D56F9F184}.Debug|Any CPU.Build.0 = Debug|Any CPU
		{820A0F7A-8B89-467B-80E0-712D56F9F184}.Release|Any CPU.ActiveCfg = Release|Any CPU
		{820A0F7A-8B89-467B-80E0-712D56F9F184}.Release|Any CPU.Build.0 = Release|Any CPU
		{8FD55873-1575-45AC-BD22-5577364644CE}.Debug|Any CPU.ActiveCfg = Debug|Any CPU
		{8FD55873-1575-45AC-BD22-5577364644CE}.Debug|Any CPU.Build.0 = Debug|Any CPU
		{8FD55873-1575-45AC-BD22-5577364644CE}.Release|Any CPU.ActiveCfg = Release|Any CPU
		{8FD55873-1575-45AC-BD22-5577364644CE}.Release|Any CPU.Build.0 = Release|Any CPU
		{555321F9-0A2F-4632-B3DD-7D45DB83EAAD}.Debug|Any CPU.ActiveCfg = Debug|Any CPU
		{555321F9-0A2F-4632-B3DD-7D45DB83EAAD}.Debug|Any CPU.Build.0 = Debug|Any CPU
		{555321F9-0A2F-4632-B3DD-7D45DB83EAAD}.Release|Any CPU.ActiveCfg = Release|Any CPU
		{555321F9-0A2F-4632-B3DD-7D45DB83EAAD}.Release|Any CPU.Build.0 = Release|Any CPU
		{2D03D7D6-1C6A-45AF-981C-4EEAC58BF6C8}.Debug|Any CPU.ActiveCfg = Debug|Any CPU
		{2D03D7D6-1C6A-45AF-981C-4EEAC58BF6C8}.Debug|Any CPU.Build.0 = Debug|Any CPU
		{2D03D7D6-1C6A-45AF-981C-4EEAC58BF6C8}.Release|Any CPU.ActiveCfg = Release|Any CPU
		{2D03D7D6-1C6A-45AF-981C-4EEAC58BF6C8}.Release|Any CPU.Build.0 = Release|Any CPU
	EndGlobalSection
	GlobalSection(SolutionProperties) = preSolution
		HideSolutionNode = FALSE
	EndGlobalSection
	GlobalSection(NestedProjects) = preSolution
		{DDCA4752-B402-4702-BEAD-FE78A0A0B3BB} = {EE7F1ACB-AE4A-4518-B4C0-7FED9057910A}
		{4684DF2D-6DD1-44A1-87A5-337D96DD6394} = {C4C4AB1C-B92A-4539-BFF5-2E82D6ED1761}
		{06F01CD6-3A68-46D1-9684-290390B330AE} = {C4C4AB1C-B92A-4539-BFF5-2E82D6ED1761}
		{0492ADF2-59B8-42F5-86B4-9F5F0EA301DE} = {CE1926B1-4743-49D7-90E0-27921504F0CA}
		{39C404B4-F298-4F97-B98E-9CD422257917} = {9958C242-EE7B-49AC-BF2D-9AD79B8BF7D3}
		{7212D7EE-6FC4-4A39-A786-4B85F8355E60} = {D07D9872-1F36-4D6B-B65B-69C5193D6F7B}
		{FF7D3F17-B88C-43A9-990B-E1A8B70976CA} = {02B2ABD8-17E9-4BB3-8E2F-4325A4910A26}
		{9B97BF78-DF97-422A-B5F5-B4ECAFD39AA0} = {02B2ABD8-17E9-4BB3-8E2F-4325A4910A26}
		{AAC2BF6A-A62B-43C6-89E4-958CE8F71F20} = {5FF5724C-F57A-4651-9380-FD3FB3898205}
		{31E38ED4-5676-4A6B-A469-4C5E3D00106B} = {5FF5724C-F57A-4651-9380-FD3FB3898205}
		{820A0F7A-8B89-467B-80E0-712D56F9F184} = {5FF5724C-F57A-4651-9380-FD3FB3898205}
		{8FD55873-1575-45AC-BD22-5577364644CE} = {F815E248-3197-441B-98BE-7F621AF018F0}
		{555321F9-0A2F-4632-B3DD-7D45DB83EAAD} = {F815E248-3197-441B-98BE-7F621AF018F0}
		{2D03D7D6-1C6A-45AF-981C-4EEAC58BF6C8} = {5FF5724C-F57A-4651-9380-FD3FB3898205}
	EndGlobalSection
	GlobalSection(ExtensibilityGlobals) = postSolution
		SolutionGuid = {FA062145-0D87-4C65-B0E0-5F833829910F}
	EndGlobalSection
EndGlobal
